
Microsoft Visual Studio Solution File, Format Version 12.00
# Visual Studio Version 17
VisualStudioVersion = 17.3.32901.215
MinimumVisualStudioVersion = 10.0.40219.1
Project("{2150E333-8FDC-42A3-9474-1A3956D46DE8}") = "Frontend", "Frontend", "{DE769002-79DB-4122-82DF-DD8346604FDD}"
EndProject
Project("{2150E333-8FDC-42A3-9474-1A3956D46DE8}") = "Services", "Services", "{FE8AC4E5-8081-46B1-88CB-D7DC2E94B4C5}"
EndProject
Project("{FAE04EC0-301F-11D3-BF4B-00C04F79EFBC}") = "GeekShopping.Web", "GeekShopping.Web\GeekShopping.Web.csproj", "{3D9DEC60-C578-43BF-AD4B-7C4B39FBE3FA}"
EndProject
Global
	GlobalSection(SolutionConfigurationPlatforms) = preSolution
		Debug|Any CPU = Debug|Any CPU
		Release|Any CPU = Release|Any CPU
	EndGlobalSection
	GlobalSection(ProjectConfigurationPlatforms) = postSolution
		{3D9DEC60-C578-43BF-AD4B-7C4B39FBE3FA}.Debug|Any CPU.ActiveCfg = Debug|Any CPU
		{3D9DEC60-C578-43BF-AD4B-7C4B39FBE3FA}.Debug|Any CPU.Build.0 = Debug|Any CPU
		{3D9DEC60-C578-43BF-AD4B-7C4B39FBE3FA}.Release|Any CPU.ActiveCfg = Release|Any CPU
		{3D9DEC60-C578-43BF-AD4B-7C4B39FBE3FA}.Release|Any CPU.Build.0 = Release|Any CPU
	EndGlobalSection
	GlobalSection(SolutionProperties) = preSolution
		HideSolutionNode = FALSE
	EndGlobalSection
	GlobalSection(NestedProjects) = preSolution
		{3D9DEC60-C578-43BF-AD4B-7C4B39FBE3FA} = {DE769002-79DB-4122-82DF-DD8346604FDD}
	EndGlobalSection
	GlobalSection(ExtensibilityGlobals) = postSolution
		SolutionGuid = {3CAB7B4D-A419-4247-8121-6FCC9D977C6A}
	EndGlobalSection
EndGlobal
